{
  "name": "daap-client",
  "version": "0.0.2",
  "lockfileVersion": 1,
  "requires": true,
  "dependencies": {
    "daap-request": {
      "version": "0.0.2",
      "resolved": "https://registry.npmjs.org/daap-request/-/daap-request-0.0.2.tgz",
      "integrity": "sha512-vHaUTRJxZuBtb5xGgGAUJRdCAh8qHtY2PfcbLbwLazih+utuaKkaB9eTWJHLrgBnTIANRXkZal1VqnRsYLK0RQ==",
      "requires": {
        "daap-parser": "0.0.1"
      },
      "dependencies": {
        "daap-parser": {
          "version": "0.0.1",
          "resolved": "https://registry.npmjs.org/daap-parser/-/daap-parser-0.0.1.tgz",
          "integrity": "sha1-2b8YCwCuV32aUfU0D+9h8hV+/vI="
        }
      }
    }
  }
}
