{
  "name": "daap-client",
  "version": "0.0.4",
  "lockfileVersion": 1,
  "requires": true,
  "dependencies": {
    "daap-parser": {
      "version": "0.1.1",
      "resolved": "https://registry.npmjs.org/daap-parser/-/daap-parser-0.1.1.tgz",
      "integrity": "sha512-SxQYDD2ZvlsUg7iAQZ8rd/wQc4m+i+uL0087DhyhpF4hTw+fShslpSnldv4PV9QiOhdDqz2vt6pYVoAAheWOsQ=="
    },
    "daap-request": {
      "version": "0.0.3",
      "resolved": "https://registry.npmjs.org/daap-request/-/daap-request-0.0.3.tgz",
      "integrity": "sha512-wyf018hJZv7lkBHrupLni8p8W1jYLtcenMWFSbZlO2KGrNy4Yj8361DP7+Yp7Tdb34k7N2WYEgL6oo58+iJugQ==",
      "requires": {
        "daap-parser": "^0.1.1"
      }
    }
  }
}
